
Microsoft Visual Studio Solution File, Format Version 12.00
# Visual Studio Version 17
VisualStudioVersion = 17.2.32516.85
MinimumVisualStudioVersion = 10.0.40219.1
Project("{8BC9CEB8-8B4A-11D0-8D11-00A0C91BC942}") = "Print out of sum and reverse array numbers", "Print out of sum and reverse array numbers.vcxproj", "{E568316A-D0C8-4D5A-B97D-6DC475A388E5}"
EndProject
Global
	GlobalSection(SolutionConfigurationPlatforms) = preSolution
		Debug|x64 = Debug|x64
		Debug|x86 = Debug|x86
		Release|x64 = Release|x64
		Release|x86 = Release|x86
	EndGlobalSection
	GlobalSection(ProjectConfigurationPlatforms) = postSolution
		{E568316A-D0C8-4D5A-B97D-6DC475A388E5}.Debug|x64.ActiveCfg = Debug|x64
		{E568316A-D0C8-4D5A-B97D-6DC475A388E5}.Debug|x64.Build.0 = Debug|x64
		{E568316A-D0C8-4D5A-B97D-6DC475A388E5}.Debug|x86.ActiveCfg = Debug|Win32
		{E568316A-D0C8-4D5A-B97D-6DC475A388E5}.Debug|x86.Build.0 = Debug|Win32
		{E568316A-D0C8-4D5A-B97D-6DC475A388E5}.Release|x64.ActiveCfg = Release|x64
		{E568316A-D0C8-4D5A-B97D-6DC475A388E5}.Release|x64.Build.0 = Release|x64
		{E568316A-D0C8-4D5A-B97D-6DC475A388E5}.Release|x86.ActiveCfg = Release|Win32
		{E568316A-D0C8-4D5A-B97D-6DC475A388E5}.Release|x86.Build.0 = Release|Win32
	EndGlobalSection
	GlobalSection(SolutionProperties) = preSolution
		HideSolutionNode = FALSE
	EndGlobalSection
	GlobalSection(ExtensibilityGlobals) = postSolution
		SolutionGuid = {65AC99F3-D319-413C-B417-B8D03A59017F}
	EndGlobalSection
EndGlobal
